
Microsoft Visual Studio Solution File, Format Version 12.00
# Visual Studio Version 16
VisualStudioVersion = 16.0.30907.101
MinimumVisualStudioVersion = 10.0.40219.1
Project("{FAE04EC0-301F-11D3-BF4B-00C04F79EFBC}") = "MusteriManager", "MusteriManager\MusteriManager.csproj", "{908D79BF-3959-4C8E-ACB7-A87D8AFC8FAC}"
EndProject
Global
	GlobalSection(SolutionConfigurationPlatforms) = preSolution
		Debug|Any CPU = Debug|Any CPU
		Release|Any CPU = Release|Any CPU
	EndGlobalSection
	GlobalSection(ProjectConfigurationPlatforms) = postSolution
		{908D79BF-3959-4C8E-ACB7-A87D8AFC8FAC}.Debug|Any CPU.ActiveCfg = Debug|Any CPU
		{908D79BF-3959-4C8E-ACB7-A87D8AFC8FAC}.Debug|Any CPU.Build.0 = Debug|Any CPU
		{908D79BF-3959-4C8E-ACB7-A87D8AFC8FAC}.Release|Any CPU.ActiveCfg = Release|Any CPU
		{908D79BF-3959-4C8E-ACB7-A87D8AFC8FAC}.Release|Any CPU.Build.0 = Release|Any CPU
	EndGlobalSection
	GlobalSection(SolutionProperties) = preSolution
		HideSolutionNode = FALSE
	EndGlobalSection
	GlobalSection(ExtensibilityGlobals) = postSolution
		SolutionGuid = {EB479B96-35A3-4825-928A-AD604EB24A6D}
	EndGlobalSection
EndGlobal
